// !$*UTF8*$!
{
	archiveVersion = 1;
	classes = {
	};
	objectVersion = 46;
	objects = {

/* Begin PBXBuildFile section */
		003F341A19DCEEC70071818C /* BSSpaceDataViewController.m in Sources */ = {isa = PBXBuildFile; fileRef = 003F341919DCEEC70071818C /* BSSpaceDataViewController.m */; };
		003F345419DF8B7A0071818C /* BSAddSpaceObjectViewController.m in Sources */ = {isa = PBXBuildFile; fileRef = 003F345319DF8B7A0071818C /* BSAddSpaceObjectViewController.m */; };
		0061F98B19CFA94D005ED769 /* Earth.jpg in Resources */ = {isa = PBXBuildFile; fileRef = 0061F98119CFA94D005ED769 /* Earth.jpg */; };
		0061F98C19CFA94D005ED769 /* EinsteinRing.jpg in Resources */ = {isa = PBXBuildFile; fileRef = 0061F98219CFA94D005ED769 /* EinsteinRing.jpg */; };
		0061F98D19CFA94D005ED769 /* Jupiter.jpg in Resources */ = {isa = PBXBuildFile; fileRef = 0061F98319CFA94D005ED769 /* Jupiter.jpg */; };
		0061F98E19CFA94D005ED769 /* Mars.jpg in Resources */ = {isa = PBXBuildFile; fileRef = 0061F98419CFA94D005ED769 /* Mars.jpg */; };
		0061F98F19CFA94D005ED769 /* Mercury.jpg in Resources */ = {isa = PBXBuildFile; fileRef = 0061F98519CFA94D005ED769 /* Mercury.jpg */; };
		0061F99019CFA94D005ED769 /* Neptune.jpg in Resources */ = {isa = PBXBuildFile; fileRef = 0061F98619CFA94D005ED769 /* Neptune.jpg */; };
		0061F99119CFA94D005ED769 /* Orion.jpg in Resources */ = {isa = PBXBuildFile; fileRef = 0061F98719CFA94D005ED769 /* Orion.jpg */; };
		0061F99219CFA94D005ED769 /* Saturn.jpg in Resources */ = {isa = PBXBuildFile; fileRef = 0061F98819CFA94D005ED769 /* Saturn.jpg */; };
		0061F99319CFA94D005ED769 /* Uranus.jpg in Resources */ = {isa = PBXBuildFile; fileRef = 0061F98919CFA94D005ED769 /* Uranus.jpg */; };
		0061F99419CFA94D005ED769 /* Venus.jpg in Resources */ = {isa = PBXBuildFile; fileRef = 0061F98A19CFA94D005ED769 /* Venus.jpg */; };
		0061F99719CFAA03005ED769 /* BSSpaceObject.m in Sources */ = {isa = PBXBuildFile; fileRef = 0061F99619CFAA03005ED769 /* BSSpaceObject.m */; };
		009EED4619CBAA2C006029C1 /* AstronomicalData.m in Sources */ = {isa = PBXBuildFile; fileRef = 009EED4519CBAA2C006029C1 /* AstronomicalData.m */; };
		00C27B7C19C8EC4700855E35 /* UIKit.framework in Frameworks */ = {isa = PBXBuildFile; fileRef = 00C27B7B19C8EC4700855E35 /* UIKit.framework */; };
		00C27B7E19C8EC4700855E35 /* Foundation.framework in Frameworks */ = {isa = PBXBuildFile; fileRef = 00C27B7D19C8EC4700855E35 /* Foundation.framework */; };
		00C27B8019C8EC4700855E35 /* CoreGraphics.framework in Frameworks */ = {isa = PBXBuildFile; fileRef = 00C27B7F19C8EC4700855E35 /* CoreGraphics.framework */; };
		00C27B8619C8EC4700855E35 /* InfoPlist.strings in Resources */ = {isa = PBXBuildFile; fileRef = 00C27B8419C8EC4700855E35 /* InfoPlist.strings */; };
		00C27B8819C8EC4700855E35 /* main.m in Sources */ = {isa = PBXBuildFile; fileRef = 00C27B8719C8EC4700855E35 /* main.m */; };
		00C27B8C19C8EC4700855E35 /* BSAppDelegate.m in Sources */ = {isa = PBXBuildFile; fileRef = 00C27B8B19C8EC4700855E35 /* BSAppDelegate.m */; };
		00C27B8E19C8EC4700855E35 /* Default.png in Resources */ = {isa = PBXBuildFile; fileRef = 00C27B8D19C8EC4700855E35 /* Default.png */; };
		00C27B9019C8EC4700855E35 /* Default@2x.png in Resources */ = {isa = PBXBuildFile; fileRef = 00C27B8F19C8EC4700855E35 /* Default@2x.png */; };
		00C27B9219C8EC4700855E35 /* Default-568h@2x.png in Resources */ = {isa = PBXBuildFile; fileRef = 00C27B9119C8EC4700855E35 /* Default-568h@2x.png */; };
		00C27B9519C8EC4700855E35 /* MainStoryboard.storyboard in Resources */ = {isa = PBXBuildFile; fileRef = 00C27B9319C8EC4700855E35 /* MainStoryboard.storyboard */; };
		00C27BA019C8EC4700855E35 /* SenTestingKit.framework in Frameworks */ = {isa = PBXBuildFile; fileRef = 00C27B9F19C8EC4700855E35 /* SenTestingKit.framework */; };
		00C27BA119C8EC4700855E35 /* UIKit.framework in Frameworks */ = {isa = PBXBuildFile; fileRef = 00C27B7B19C8EC4700855E35 /* UIKit.framework */; };
		00C27BA219C8EC4700855E35 /* Foundation.framework in Frameworks */ = {isa = PBXBuildFile; fileRef = 00C27B7D19C8EC4700855E35 /* Foundation.framework */; };
		00C27BAA19C8EC4700855E35 /* InfoPlist.strings in Resources */ = {isa = PBXBuildFile; fileRef = 00C27BA819C8EC4700855E35 /* InfoPlist.strings */; };
		00C27BAD19C8EC4700855E35 /* out_of_this_worldTests.m in Sources */ = {isa = PBXBuildFile; fileRef = 00C27BAC19C8EC4700855E35 /* out_of_this_worldTests.m */; };
		00C27BB819C8ED7700855E35 /* BSOuterSpaceTableViewController.m in Sources */ = {isa = PBXBuildFile; fileRef = 00C27BB719C8ED7700855E35 /* BSOuterSpaceTableViewController.m */; };
		00FEC5C619D3700900E9DFDB /* BSSpaceImageViewController.m in Sources */ = {isa = PBXBuildFile; fileRef = 00FEC5C519D3700900E9DFDB /* BSSpaceImageViewController.m */; };
/* End PBXBuildFile section */

/* Begin PBXContainerItemProxy section */
		00C27BA319C8EC4700855E35 /* PBXContainerItemProxy */ = {
			isa = PBXContainerItemProxy;
			containerPortal = 00C27B6E19C8EC4700855E35 /* Project object */;
			proxyType = 1;
			remoteGlobalIDString = 00C27B7619C8EC4700855E35;
			remoteInfo = "out of this world";
		};
/* End PBXContainerItemProxy section */

/* Begin PBXFileReference section */
		003F341819DCEEC70071818C /* BSSpaceDataViewController.h */ = {isa = PBXFileReference; fileEncoding = 4; lastKnownFileType = sourcecode.c.h; path = BSSpaceDataViewController.h; sourceTree = "<group>"; };
		003F341919DCEEC70071818C /* BSSpaceDataViewController.m */ = {isa = PBXFileReference; fileEncoding = 4; lastKnownFileType = sourcecode.c.objc; path = BSSpaceDataViewController.m; sourceTree = "<group>"; };
		003F345219DF8B7A0071818C /* BSAddSpaceObjectViewController.h */ = {isa = PBXFileReference; fileEncoding = 4; lastKnownFileType = sourcecode.c.h; path = BSAddSpaceObjectViewController.h; sourceTree = "<group>"; };
		003F345319DF8B7A0071818C /* BSAddSpaceObjectViewController.m */ = {isa = PBXFileReference; fileEncoding = 4; lastKnownFileType = sourcecode.c.objc; path = BSAddSpaceObjectViewController.m; sourceTree = "<group>"; };
		0061F98119CFA94D005ED769 /* Earth.jpg */ = {isa = PBXFileReference; lastKnownFileType = image.jpeg; name = Earth.jpg; path = "14029482102014-02-12_06-44-14__PlanetImages/Earth.jpg"; sourceTree = "<group>"; };
		0061F98219CFA94D005ED769 /* EinsteinRing.jpg */ = {isa = PBXFileReference; lastKnownFileType = image.jpeg; name = EinsteinRing.jpg; path = "14029482102014-02-12_06-44-14__PlanetImages/EinsteinRing.jpg"; sourceTree = "<group>"; };
		0061F98319CFA94D005ED769 /* Jupiter.jpg */ = {isa = PBXFileReference; lastKnownFileType = image.jpeg; name = Jupiter.jpg; path = "14029482102014-02-12_06-44-14__PlanetImages/Jupiter.jpg"; sourceTree = "<group>"; };
		0061F98419CFA94D005ED769 /* Mars.jpg */ = {isa = PBXFileReference; lastKnownFileType = image.jpeg; name = Mars.jpg; path = "14029482102014-02-12_06-44-14__PlanetImages/Mars.jpg"; sourceTree = "<group>"; };
		0061F98519CFA94D005ED769 /* Mercury.jpg */ = {isa = PBXFileReference; lastKnownFileType = image.jpeg; name = Mercury.jpg; path = "14029482102014-02-12_06-44-14__PlanetImages/Mercury.jpg"; sourceTree = "<group>"; };
		0061F98619CFA94D005ED769 /* Neptune.jpg */ = {isa = PBXFileReference; lastKnownFileType = image.jpeg; name = Neptune.jpg; path = "14029482102014-02-12_06-44-14__PlanetImages/Neptune.jpg"; sourceTree = "<group>"; };
		0061F98719CFA94D005ED769 /* Orion.jpg */ = {isa = PBXFileReference; lastKnownFileType = image.jpeg; name = Orion.jpg; path = "14029482102014-02-12_06-44-14__PlanetImages/Orion.jpg"; sourceTree = "<group>"; };
		0061F98819CFA94D005ED769 /* Saturn.jpg */ = {isa = PBXFileReference; lastKnownFileType = image.jpeg; name = Saturn.jpg; path = "14029482102014-02-12_06-44-14__PlanetImages/Saturn.jpg"; sourceTree = "<group>"; };
		0061F98919CFA94D005ED769 /* Uranus.jpg */ = {isa = PBXFileReference; lastKnownFileType = image.jpeg; name = Uranus.jpg; path = "14029482102014-02-12_06-44-14__PlanetImages/Uranus.jpg"; sourceTree = "<group>"; };
		0061F98A19CFA94D005ED769 /* Venus.jpg */ = {isa = PBXFileReference; lastKnownFileType = image.jpeg; name = Venus.jpg; path = "14029482102014-02-12_06-44-14__PlanetImages/Venus.jpg"; sourceTree = "<group>"; };
		0061F99519CFAA03005ED769 /* BSSpaceObject.h */ = {isa = PBXFileReference; fileEncoding = 4; lastKnownFileType = sourcecode.c.h; name = BSSpaceObject.h; path = ../BSSpaceObject.h; sourceTree = "<group>"; };
		0061F99619CFAA03005ED769 /* BSSpaceObject.m */ = {isa = PBXFileReference; fileEncoding = 4; lastKnownFileType = sourcecode.c.objc; name = BSSpaceObject.m; path = ../BSSpaceObject.m; sourceTree = "<group>"; };
		009EED4419CBAA2C006029C1 /* AstronomicalData.h */ = {isa = PBXFileReference; fileEncoding = 4; lastKnownFileType = sourcecode.c.h; name = AstronomicalData.h; path = "14029481202014-02-10_13-05-31__AstronmicalDataModel/AstronomicalData.h"; sourceTree = "<group>"; };
		009EED4519CBAA2C006029C1 /* AstronomicalData.m */ = {isa = PBXFileReference; fileEncoding = 4; lastKnownFileType = sourcecode.c.objc; name = AstronomicalData.m; path = "14029481202014-02-10_13-05-31__AstronmicalDataModel/AstronomicalData.m"; sourceTree = "<group>"; };
		00C27B7719C8EC4700855E35 /* out of this world.app */ = {isa = PBXFileReference; explicitFileType = wrapper.application; includeInIndex = 0; path = "out of this world.app"; sourceTree = BUILT_PRODUCTS_DIR; };
		00C27B7B19C8EC4700855E35 /* UIKit.framework */ = {isa = PBXFileReference; lastKnownFileType = wrapper.framework; name = UIKit.framework; path = System/Library/Frameworks/UIKit.framework; sourceTree = SDKROOT; };
		00C27B7D19C8EC4700855E35 /* Foundation.framework */ = {isa = PBXFileReference; lastKnownFileType = wrapper.framework; name = Foundation.framework; path = System/Library/Frameworks/Foundation.framework; sourceTree = SDKROOT; };
		00C27B7F19C8EC4700855E35 /* CoreGraphics.framework */ = {isa = PBXFileReference; lastKnownFileType = wrapper.framework; name = CoreGraphics.framework; path = System/Library/Frameworks/CoreGraphics.framework; sourceTree = SDKROOT; };
		00C27B8319C8EC4700855E35 /* out of this world-Info.plist */ = {isa = PBXFileReference; lastKnownFileType = text.plist.xml; path = "out of this world-Info.plist"; sourceTree = "<group>"; };
		00C27B8519C8EC4700855E35 /* en */ = {isa = PBXFileReference; lastKnownFileType = text.plist.strings; name = en; path = en.lproj/InfoPlist.strings; sourceTree = "<group>"; };
		00C27B8719C8EC4700855E35 /* main.m */ = {isa = PBXFileReference; lastKnownFileType = sourcecode.c.objc; path = main.m; sourceTree = "<group>"; };
		00C27B8919C8EC4700855E35 /* out of this world-Prefix.pch */ = {isa = PBXFileReference; lastKnownFileType = sourcecode.c.h; path = "out of this world-Prefix.pch"; sourceTree = "<group>"; };
		00C27B8A19C8EC4700855E35 /* BSAppDelegate.h */ = {isa = PBXFileReference; lastKnownFileType = sourcecode.c.h; path = BSAppDelegate.h; sourceTree = "<group>"; };
		00C27B8B19C8EC4700855E35 /* BSAppDelegate.m */ = {isa = PBXFileReference; lastKnownFileType = sourcecode.c.objc; path = BSAppDelegate.m; sourceTree = "<group>"; };
		00C27B8D19C8EC4700855E35 /* Default.png */ = {isa = PBXFileReference; lastKnownFileType = image.png; path = Default.png; sourceTree = "<group>"; };
		00C27B8F19C8EC4700855E35 /* Default@2x.png */ = {isa = PBXFileReference; lastKnownFileType = image.png; path = "Default@2x.png"; sourceTree = "<group>"; };
		00C27B9119C8EC4700855E35 /* Default-568h@2x.png */ = {isa = PBXFileReference; lastKnownFileType = image.png; path = "Default-568h@2x.png"; sourceTree = "<group>"; };
		00C27B9419C8EC4700855E35 /* en */ = {isa = PBXFileReference; lastKnownFileType = file.storyboard; name = en; path = en.lproj/MainStoryboard.storyboard; sourceTree = "<group>"; };
		00C27B9E19C8EC4700855E35 /* out of this worldTests.octest */ = {isa = PBXFileReference; explicitFileType = wrapper.cfbundle; includeInIndex = 0; path = "out of this worldTests.octest"; sourceTree = BUILT_PRODUCTS_DIR; };
		00C27B9F19C8EC4700855E35 /* SenTestingKit.framework */ = {isa = PBXFileReference; lastKnownFileType = wrapper.framework; name = SenTestingKit.framework; path = Library/Frameworks/SenTestingKit.framework; sourceTree = DEVELOPER_DIR; };
		00C27BA719C8EC4700855E35 /* out of this worldTests-Info.plist */ = {isa = PBXFileReference; lastKnownFileType = text.plist.xml; path = "out of this worldTests-Info.plist"; sourceTree = "<group>"; };
		00C27BA919C8EC4700855E35 /* en */ = {isa = PBXFileReference; lastKnownFileType = text.plist.strings; name = en; path = en.lproj/InfoPlist.strings; sourceTree = "<group>"; };
		00C27BAB19C8EC4700855E35 /* out_of_this_worldTests.h */ = {isa = PBXFileReference; lastKnownFileType = sourcecode.c.h; path = out_of_this_worldTests.h; sourceTree = "<group>"; };
		00C27BAC19C8EC4700855E35 /* out_of_this_worldTests.m */ = {isa = PBXFileReference; lastKnownFileType = sourcecode.c.objc; path = out_of_this_worldTests.m; sourceTree = "<group>"; };
		00C27BB619C8ED7700855E35 /* BSOuterSpaceTableViewController.h */ = {isa = PBXFileReference; fileEncoding = 4; lastKnownFileType = sourcecode.c.h; name = BSOuterSpaceTableViewController.h; path = ../BSOuterSpaceTableViewController.h; sourceTree = "<group>"; };
		00C27BB719C8ED7700855E35 /* BSOuterSpaceTableViewController.m */ = {isa = PBXFileReference; fileEncoding = 4; lastKnownFileType = sourcecode.c.objc; name = BSOuterSpaceTableViewController.m; path = ../BSOuterSpaceTableViewController.m; sourceTree = "<group>"; };
		00FEC5C419D3700900E9DFDB /* BSSpaceImageViewController.h */ = {isa = PBXFileReference; fileEncoding = 4; lastKnownFileType = sourcecode.c.h; path = BSSpaceImageViewController.h; sourceTree = "<group>"; };
		00FEC5C519D3700900E9DFDB /* BSSpaceImageViewController.m */ = {isa = PBXFileReference; fileEncoding = 4; lastKnownFileType = sourcecode.c.objc; path = BSSpaceImageViewController.m; sourceTree = "<group>"; };
/* End PBXFileReference section */

/* Begin PBXFrameworksBuildPhase section */
		00C27B7419C8EC4700855E35 /* Frameworks */ = {
			isa = PBXFrameworksBuildPhase;
			buildActionMask = 2147483647;
			files = (
				00C27B7C19C8EC4700855E35 /* UIKit.framework in Frameworks */,
				00C27B7E19C8EC4700855E35 /* Foundation.framework in Frameworks */,
				00C27B8019C8EC4700855E35 /* CoreGraphics.framework in Frameworks */,
			);
			runOnlyForDeploymentPostprocessing = 0;
		};
		00C27B9A19C8EC4700855E35 /* Frameworks */ = {
			isa = PBXFrameworksBuildPhase;
			buildActionMask = 2147483647;
			files = (
				00C27BA019C8EC4700855E35 /* SenTestingKit.framework in Frameworks */,
				00C27BA119C8EC4700855E35 /* UIKit.framework in Frameworks */,
				00C27BA219C8EC4700855E35 /* Foundation.framework in Frameworks */,
			);
			runOnlyForDeploymentPostprocessing = 0;
		};
/* End PBXFrameworksBuildPhase section */

/* Begin PBXGroup section */
		003F345519DF8B980071818C /* Image View Controller */ = {
			isa = PBXGroup;
			children = (
				00FEC5C419D3700900E9DFDB /* BSSpaceImageViewController.h */,
				00FEC5C519D3700900E9DFDB /* BSSpaceImageViewController.m */,
			);
			name = "Image View Controller";
			sourceTree = "<group>";
		};
		003F345619DF8BB60071818C /* Space Data View Controller */ = {
			isa = PBXGroup;
			children = (
				003F341819DCEEC70071818C /* BSSpaceDataViewController.h */,
				003F341919DCEEC70071818C /* BSSpaceDataViewController.m */,
			);
			name = "Space Data View Controller";
			sourceTree = "<group>";
		};
		003F345719DF8BC60071818C /* Add Space Object View Controller */ = {
			isa = PBXGroup;
			children = (
				003F345219DF8B7A0071818C /* BSAddSpaceObjectViewController.h */,
				003F345319DF8B7A0071818C /* BSAddSpaceObjectViewController.m */,
			);
			name = "Add Space Object View Controller";
			sourceTree = "<group>";
		};
		003F345A19E0A20E0071818C /* Planet Table View Controller */ = {
			isa = PBXGroup;
			children = (
				00C27BB619C8ED7700855E35 /* BSOuterSpaceTableViewController.h */,
				00C27BB719C8ED7700855E35 /* BSOuterSpaceTableViewController.m */,
			);
			name = "Planet Table View Controller";
			sourceTree = "<group>";
		};
		0061F99819CFB1E6005ED769 /* View */ = {
			isa = PBXGroup;
			children = (
				00C27B9319C8EC4700855E35 /* MainStoryboard.storyboard */,
			);
			name = View;
			sourceTree = "<group>";
		};
		0061F99919CFB200005ED769 /* Controller */ = {
			isa = PBXGroup;
			children = (
				003F345A19E0A20E0071818C /* Planet Table View Controller */,
				003F345519DF8B980071818C /* Image View Controller */,
				003F345619DF8BB60071818C /* Space Data View Controller */,
				003F345719DF8BC60071818C /* Add Space Object View Controller */,
			);
			name = Controller;
			sourceTree = "<group>";
		};
		0061F99A19CFB23D005ED769 /* Model */ = {
			isa = PBXGroup;
			children = (
				0061F99519CFAA03005ED769 /* BSSpaceObject.h */,
				0061F99619CFAA03005ED769 /* BSSpaceObject.m */,
				00C27B8219C8EC4700855E35 /* Supporting Files */,
			);
			name = Model;
			sourceTree = "<group>";
		};
		00C27B6C19C8EC4700855E35 = {
			isa = PBXGroup;
			children = (
				00C27B8119C8EC4700855E35 /* out of this world */,
				00C27BA519C8EC4700855E35 /* out of this worldTests */,
				00C27B7A19C8EC4700855E35 /* Frameworks */,
				00C27B7819C8EC4700855E35 /* Products */,
			);
			sourceTree = "<group>";
		};
		00C27B7819C8EC4700855E35 /* Products */ = {
			isa = PBXGroup;
			children = (
				00C27B7719C8EC4700855E35 /* out of this world.app */,
				00C27B9E19C8EC4700855E35 /* out of this worldTests.octest */,
			);
			name = Products;
			sourceTree = "<group>";
		};
		00C27B7A19C8EC4700855E35 /* Frameworks */ = {
			isa = PBXGroup;
			children = (
				00C27B7B19C8EC4700855E35 /* UIKit.framework */,
				00C27B7D19C8EC4700855E35 /* Foundation.framework */,
				00C27B7F19C8EC4700855E35 /* CoreGraphics.framework */,
				00C27B9F19C8EC4700855E35 /* SenTestingKit.framework */,
			);
			name = Frameworks;
			sourceTree = "<group>";
		};
		00C27B8119C8EC4700855E35 /* out of this world */ = {
			isa = PBXGroup;
			children = (
				00C27B8A19C8EC4700855E35 /* BSAppDelegate.h */,
				00C27B8B19C8EC4700855E35 /* BSAppDelegate.m */,
				0061F99819CFB1E6005ED769 /* View */,
				0061F99919CFB200005ED769 /* Controller */,
				0061F99A19CFB23D005ED769 /* Model */,
			);
			path = "out of this world";
			sourceTree = "<group>";
		};
		00C27B8219C8EC4700855E35 /* Supporting Files */ = {
			isa = PBXGroup;
			children = (
				0061F98119CFA94D005ED769 /* Earth.jpg */,
				0061F98219CFA94D005ED769 /* EinsteinRing.jpg */,
				0061F98319CFA94D005ED769 /* Jupiter.jpg */,
				0061F98419CFA94D005ED769 /* Mars.jpg */,
				0061F98519CFA94D005ED769 /* Mercury.jpg */,
				0061F98619CFA94D005ED769 /* Neptune.jpg */,
				0061F98719CFA94D005ED769 /* Orion.jpg */,
				0061F98819CFA94D005ED769 /* Saturn.jpg */,
				0061F98919CFA94D005ED769 /* Uranus.jpg */,
				0061F98A19CFA94D005ED769 /* Venus.jpg */,
				009EED4419CBAA2C006029C1 /* AstronomicalData.h */,
				009EED4519CBAA2C006029C1 /* AstronomicalData.m */,
				00C27B8319C8EC4700855E35 /* out of this world-Info.plist */,
				00C27B8419C8EC4700855E35 /* InfoPlist.strings */,
				00C27B8719C8EC4700855E35 /* main.m */,
				00C27B8919C8EC4700855E35 /* out of this world-Prefix.pch */,
				00C27B8D19C8EC4700855E35 /* Default.png */,
				00C27B8F19C8EC4700855E35 /* Default@2x.png */,
				00C27B9119C8EC4700855E35 /* Default-568h@2x.png */,
			);
			name = "Supporting Files";
			sourceTree = "<group>";
		};
		00C27BA519C8EC4700855E35 /* out of this worldTests */ = {
			isa = PBXGroup;
			children = (
				00C27BAB19C8EC4700855E35 /* out_of_this_worldTests.h */,
				00C27BAC19C8EC4700855E35 /* out_of_this_worldTests.m */,
				00C27BA619C8EC4700855E35 /* Supporting Files */,
			);
			path = "out of this worldTests";
			sourceTree = "<group>";
		};
		00C27BA619C8EC4700855E35 /* Supporting Files */ = {
			isa = PBXGroup;
			children = (
				00C27BA719C8EC4700855E35 /* out of this worldTests-Info.plist */,
				00C27BA819C8EC4700855E35 /* InfoPlist.strings */,
			);
			name = "Supporting Files";
			sourceTree = "<group>";
		};
/* End PBXGroup section */

/* Begin PBXNativeTarget section */
		00C27B7619C8EC4700855E35 /* out of this world */ = {
			isa = PBXNativeTarget;
			buildConfigurationList = 00C27BB019C8EC4700855E35 /* Build configuration list for PBXNativeTarget "out of this world" */;
			buildPhases = (
				00C27B7319C8EC4700855E35 /* Sources */,
				00C27B7419C8EC4700855E35 /* Frameworks */,
				00C27B7519C8EC4700855E35 /* Resources */,
			);
			buildRules = (
			);
			dependencies = (
			);
			name = "out of this world";
			productName = "out of this world";
			productReference = 00C27B7719C8EC4700855E35 /* out of this world.app */;
			productType = "com.apple.product-type.application";
		};
		00C27B9D19C8EC4700855E35 /* out of this worldTests */ = {
			isa = PBXNativeTarget;
			buildConfigurationList = 00C27BB319C8EC4700855E35 /* Build configuration list for PBXNativeTarget "out of this worldTests" */;
			buildPhases = (
				00C27B9919C8EC4700855E35 /* Sources */,
				00C27B9A19C8EC4700855E35 /* Frameworks */,
				00C27B9B19C8EC4700855E35 /* Resources */,
				00C27B9C19C8EC4700855E35 /* ShellScript */,
			);
			buildRules = (
			);
			dependencies = (
				00C27BA419C8EC4700855E35 /* PBXTargetDependency */,
			);
			name = "out of this worldTests";
			productName = "out of this worldTests";
			productReference = 00C27B9E19C8EC4700855E35 /* out of this worldTests.octest */;
			productType = "com.apple.product-type.bundle.ocunit-test";
		};
/* End PBXNativeTarget section */

/* Begin PBXProject section */
		00C27B6E19C8EC4700855E35 /* Project object */ = {
			isa = PBXProject;
			attributes = {
				CLASSPREFIX = BS;
				LastTestingUpgradeCheck = 0600;
				LastUpgradeCheck = 0450;
				ORGANIZATIONNAME = "Brian Starr";
			};
			buildConfigurationList = 00C27B7119C8EC4700855E35 /* Build configuration list for PBXProject "out of this world" */;
			compatibilityVersion = "Xcode 3.2";
			developmentRegion = English;
			hasScannedForEncodings = 0;
			knownRegions = (
				en,
			);
			mainGroup = 00C27B6C19C8EC4700855E35;
			productRefGroup = 00C27B7819C8EC4700855E35 /* Products */;
			projectDirPath = "";
			projectRoot = "";
			targets = (
				00C27B7619C8EC4700855E35 /* out of this world */,
				00C27B9D19C8EC4700855E35 /* out of this worldTests */,
			);
		};
/* End PBXProject section */

/* Begin PBXResourcesBuildPhase section */
		00C27B7519C8EC4700855E35 /* Resources */ = {
			isa = PBXResourcesBuildPhase;
			buildActionMask = 2147483647;
			files = (
				0061F98B19CFA94D005ED769 /* Earth.jpg in Resources */,
				0061F98C19CFA94D005ED769 /* EinsteinRing.jpg in Resources */,
				0061F99419CFA94D005ED769 /* Venus.jpg in Resources */,
				0061F98E19CFA94D005ED769 /* Mars.jpg in Resources */,
				00C27B8619C8EC4700855E35 /* InfoPlist.strings in Resources */,
				00C27B8E19C8EC4700855E35 /* Default.png in Resources */,
				00C27B9019C8EC4700855E35 /* Default@2x.png in Resources */,
				0061F98D19CFA94D005ED769 /* Jupiter.jpg in Resources */,
				0061F98F19CFA94D005ED769 /* Mercury.jpg in Resources */,
				00C27B9219C8EC4700855E35 /* Default-568h@2x.png in Resources */,
				0061F99019CFA94D005ED769 /* Neptune.jpg in Resources */,
				00C27B9519C8EC4700855E35 /* MainStoryboard.storyboard in Resources */,
				0061F99119CFA94D005ED769 /* Orion.jpg in Resources */,
				0061F99219CFA94D005ED769 /* Saturn.jpg in Resources */,
				0061F99319CFA94D005ED769 /* Uranus.jpg in Resources */,
			);
			runOnlyForDeploymentPostprocessing = 0;
		};
		00C27B9B19C8EC4700855E35 /* Resources */ = {
			isa = PBXResourcesBuildPhase;
			buildActionMask = 2147483647;
			files = (
				00C27BAA19C8EC4700855E35 /* InfoPlist.strings in Resources */,
			);
			runOnlyForDeploymentPostprocessing = 0;
		};
/* End PBXResourcesBuildPhase section */

/* Begin PBXShellScriptBuildPhase section */
		00C27B9C19C8EC4700855E35 /* ShellScript */ = {
			isa = PBXShellScriptBuildPhase;
			buildActionMask = 2147483647;
			files = (
			);
			inputPaths = (
			);
			outputPaths = (
			);
			runOnlyForDeploymentPostprocessing = 0;
			shellPath = /bin/sh;
			shellScript = "# Run the unit tests in this test bundle.\n\"${SYSTEM_DEVELOPER_DIR}/Tools/RunUnitTests\"\n";
		};
/* End PBXShellScriptBuildPhase section */

/* Begin PBXSourcesBuildPhase section */
		00C27B7319C8EC4700855E35 /* Sources */ = {
			isa = PBXSourcesBuildPhase;
			buildActionMask = 2147483647;
			files = (
				00C27B8819C8EC4700855E35 /* main.m in Sources */,
				003F341A19DCEEC70071818C /* BSSpaceDataViewController.m in Sources */,
				0061F99719CFAA03005ED769 /* BSSpaceObject.m in Sources */,
				00C27B8C19C8EC4700855E35 /* BSAppDelegate.m in Sources */,
				00C27BB819C8ED7700855E35 /* BSOuterSpaceTableViewController.m in Sources */,
				00FEC5C619D3700900E9DFDB /* BSSpaceImageViewController.m in Sources */,
				003F345419DF8B7A0071818C /* BSAddSpaceObjectViewController.m in Sources */,
				009EED4619CBAA2C006029C1 /* AstronomicalData.m in Sources */,
			);
			runOnlyForDeploymentPostprocessing = 0;
		};
		00C27B9919C8EC4700855E35 /* Sources */ = {
			isa = PBXSourcesBuildPhase;
			buildActionMask = 2147483647;
			files = (
				00C27BAD19C8EC4700855E35 /* out_of_this_worldTests.m in Sources */,
			);
			runOnlyForDeploymentPostprocessing = 0;
		};
/* End PBXSourcesBuildPhase section */

/* Begin PBXTargetDependency section */
		00C27BA419C8EC4700855E35 /* PBXTargetDependency */ = {
			isa = PBXTargetDependency;
			target = 00C27B7619C8EC4700855E35 /* out of this world */;
			targetProxy = 00C27BA319C8EC4700855E35 /* PBXContainerItemProxy */;
		};
/* End PBXTargetDependency section */

/* Begin PBXVariantGroup section */
		00C27B8419C8EC4700855E35 /* InfoPlist.strings */ = {
			isa = PBXVariantGroup;
			children = (
				00C27B8519C8EC4700855E35 /* en */,
			);
			name = InfoPlist.strings;
			sourceTree = "<group>";
		};
		00C27B9319C8EC4700855E35 /* MainStoryboard.storyboard */ = {
			isa = PBXVariantGroup;
			children = (
				00C27B9419C8EC4700855E35 /* en */,
			);
			name = MainStoryboard.storyboard;
			sourceTree = "<group>";
		};
		00C27BA819C8EC4700855E35 /* InfoPlist.strings */ = {
			isa = PBXVariantGroup;
			children = (
				00C27BA919C8EC4700855E35 /* en */,
			);
			name = InfoPlist.strings;
			sourceTree = "<group>";
		};
/* End PBXVariantGroup section */

/* Begin XCBuildConfiguration section */
		00C27BAE19C8EC4700855E35 /* Debug */ = {
			isa = XCBuildConfiguration;
			buildSettings = {
				ALWAYS_SEARCH_USER_PATHS = NO;
				CLANG_CXX_LANGUAGE_STANDARD = "gnu++0x";
				CLANG_CXX_LIBRARY = "libc++";
				CLANG_ENABLE_OBJC_ARC = YES;
				CLANG_WARN_EMPTY_BODY = YES;
				CLANG_WARN__DUPLICATE_METHOD_MATCH = YES;
				"CODE_SIGN_IDENTITY[sdk=iphoneos*]" = "iPhone Developer";
				COPY_PHASE_STRIP = NO;
				GCC_C_LANGUAGE_STANDARD = gnu99;
				GCC_DYNAMIC_NO_PIC = NO;
				GCC_OPTIMIZATION_LEVEL = 0;
				GCC_PREPROCESSOR_DEFINITIONS = (
					"DEBUG=1",
					"$(inherited)",
				);
				GCC_SYMBOLS_PRIVATE_EXTERN = NO;
				GCC_WARN_ABOUT_RETURN_TYPE = YES;
				GCC_WARN_UNINITIALIZED_AUTOS = YES;
				GCC_WARN_UNUSED_VARIABLE = YES;
				IPHONEOS_DEPLOYMENT_TARGET = 6.0;
				ONLY_ACTIVE_ARCH = YES;
				SDKROOT = iphoneos;
			};
			name = Debug;
		};
		00C27BAF19C8EC4700855E35 /* Release */ = {
			isa = XCBuildConfiguration;
			buildSettings = {
				ALWAYS_SEARCH_USER_PATHS = NO;
				CLANG_CXX_LANGUAGE_STANDARD = "gnu++0x";
				CLANG_CXX_LIBRARY = "libc++";
				CLANG_ENABLE_OBJC_ARC = YES;
				CLANG_WARN_EMPTY_BODY = YES;
				CLANG_WARN__DUPLICATE_METHOD_MATCH = YES;
				"CODE_SIGN_IDENTITY[sdk=iphoneos*]" = "iPhone Developer";
				COPY_PHASE_STRIP = YES;
				GCC_C_LANGUAGE_STANDARD = gnu99;
				GCC_WARN_ABOUT_RETURN_TYPE = YES;
				GCC_WARN_UNINITIALIZED_AUTOS = YES;
				GCC_WARN_UNUSED_VARIABLE = YES;
				IPHONEOS_DEPLOYMENT_TARGET = 6.0;
				OTHER_CFLAGS = "-DNS_BLOCK_ASSERTIONS=1";
				SDKROOT = iphoneos;
				VALIDATE_PRODUCT = YES;
			};
			name = Release;
		};
		00C27BB119C8EC4700855E35 /* Debug */ = {
			isa = XCBuildConfiguration;
			buildSettings = {
				GCC_PRECOMPILE_PREFIX_HEADER = YES;
				GCC_PREFIX_HEADER = "out of this world/out of this world-Prefix.pch";
				INFOPLIST_FILE = "out of this world/out of this world-Info.plist";
				PRODUCT_NAME = "$(TARGET_NAME)";
				WRAPPER_EXTENSION = app;
			};
			name = Debug;
		};
		00C27BB219C8EC4700855E35 /* Release */ = {
			isa = XCBuildConfiguration;
			buildSettings = {
				GCC_PRECOMPILE_PREFIX_HEADER = YES;
				GCC_PREFIX_HEADER = "out of this world/out of this world-Prefix.pch";
				INFOPLIST_FILE = "out of this world/out of this world-Info.plist";
				PRODUCT_NAME = "$(TARGET_NAME)";
				WRAPPER_EXTENSION = app;
			};
			name = Release;
		};
		00C27BB419C8EC4700855E35 /* Debug */ = {
			isa = XCBuildConfiguration;
			buildSettings = {
				BUNDLE_LOADER = "$(BUILT_PRODUCTS_DIR)/out of this world.app/out of this world";
				FRAMEWORK_SEARCH_PATHS = (
					"\"$(SDKROOT)/Developer/Library/Frameworks\"",
					"\"$(DEVELOPER_LIBRARY_DIR)/Frameworks\"",
				);
				GCC_PRECOMPILE_PREFIX_HEADER = YES;
				GCC_PREFIX_HEADER = "out of this world/out of this world-Prefix.pch";
				INFOPLIST_FILE = "out of this worldTests/out of this worldTests-Info.plist";
				PRODUCT_NAME = "$(TARGET_NAME)";
				TEST_HOST = "$(BUNDLE_LOADER)";
				WRAPPER_EXTENSION = octest;
			};
			name = Debug;
		};
		00C27BB519C8EC4700855E35 /* Release */ = {
			isa = XCBuildConfiguration;
			buildSettings = {
				BUNDLE_LOADER = "$(BUILT_PRODUCTS_DIR)/out of this world.app/out of this world";
				FRAMEWORK_SEARCH_PATHS = (
					"\"$(SDKROOT)/Developer/Library/Frameworks\"",
					"\"$(DEVELOPER_LIBRARY_DIR)/Frameworks\"",
				);
				GCC_PRECOMPILE_PREFIX_HEADER = YES;
				GCC_PREFIX_HEADER = "out of this world/out of this world-Prefix.pch";
				INFOPLIST_FILE = "out of this worldTests/out of this worldTests-Info.plist";
				PRODUCT_NAME = "$(TARGET_NAME)";
				TEST_HOST = "$(BUNDLE_LOADER)";
				WRAPPER_EXTENSION = octest;
			};
			name = Release;
		};
/* End XCBuildConfiguration section */

/* Begin XCConfigurationList section */
		00C27B7119C8EC4700855E35 /* Build configuration list for PBXProject "out of this world" */ = {
			isa = XCConfigurationList;
			buildConfigurations = (
				00C27BAE19C8EC4700855E35 /* Debug */,
				00C27BAF19C8EC4700855E35 /* Release */,
			);
			defaultConfigurationIsVisible = 0;
			defaultConfigurationName = Release;
		};
		00C27BB019C8EC4700855E35 /* Build configuration list for PBXNativeTarget "out of this world" */ = {
			isa = XCConfigurationList;
			buildConfigurations = (
				00C27BB119C8EC4700855E35 /* Debug */,
				00C27BB219C8EC4700855E35 /* Release */,
			);
			defaultConfigurationIsVisible = 0;
			defaultConfigurationName = Release;
		};
		00C27BB319C8EC4700855E35 /* Build configuration list for PBXNativeTarget "out of this worldTests" */ = {
			isa = XCConfigurationList;
			buildConfigurations = (
				00C27BB419C8EC4700855E35 /* Debug */,
				00C27BB519C8EC4700855E35 /* Release */,
			);
			defaultConfigurationIsVisible = 0;
			defaultConfigurationName = Release;
		};
/* End XCConfigurationList section */
	};
	rootObject = 00C27B6E19C8EC4700855E35 /* Project object */;
}
